
Microsoft Visual Studio Solution File, Format Version 12.00
# Visual Studio Version 16
VisualStudioVersion = 16.0.28803.156
MinimumVisualStudioVersion = 10.0.40219.1
Project("{9A19103F-16F7-4668-BE54-9A1E7A4F7556}") = "AgriApi_v2", "AgriApi_v2\AgriApi_v2.csproj", "{3F1C0135-7D1D-47CC-9A21-9243A72BAE7F}"
EndProject
Project("{9A19103F-16F7-4668-BE54-9A1E7A4F7556}") = "AgriWebSite_v2", "AgriWebSite_v2\AgriWebSite_v2.csproj", "{205FF77D-04B7-4ABE-ACB8-A67E9FDFECB7}"
EndProject
Global
	GlobalSection(SolutionConfigurationPlatforms) = preSolution
		Debug|Any CPU = Debug|Any CPU
		Release|Any CPU = Release|Any CPU
	EndGlobalSection
	GlobalSection(ProjectConfigurationPlatforms) = postSolution
		{3F1C0135-7D1D-47CC-9A21-9243A72BAE7F}.Debug|Any CPU.ActiveCfg = Debug|Any CPU
		{3F1C0135-7D1D-47CC-9A21-9243A72BAE7F}.Debug|Any CPU.Build.0 = Debug|Any CPU
		{3F1C0135-7D1D-47CC-9A21-9243A72BAE7F}.Release|Any CPU.ActiveCfg = Release|Any CPU
		{3F1C0135-7D1D-47CC-9A21-9243A72BAE7F}.Release|Any CPU.Build.0 = Release|Any CPU
		{205FF77D-04B7-4ABE-ACB8-A67E9FDFECB7}.Debug|Any CPU.ActiveCfg = Debug|Any CPU
		{205FF77D-04B7-4ABE-ACB8-A67E9FDFECB7}.Debug|Any CPU.Build.0 = Debug|Any CPU
		{205FF77D-04B7-4ABE-ACB8-A67E9FDFECB7}.Release|Any CPU.ActiveCfg = Release|Any CPU
		{205FF77D-04B7-4ABE-ACB8-A67E9FDFECB7}.Release|Any CPU.Build.0 = Release|Any CPU
	EndGlobalSection
	GlobalSection(SolutionProperties) = preSolution
		HideSolutionNode = FALSE
	EndGlobalSection
	GlobalSection(ExtensibilityGlobals) = postSolution
		SolutionGuid = {840A07F9-8CA5-420F-9D01-E2BD5F40E258}
	EndGlobalSection
EndGlobal
